
Microsoft Visual Studio Solution File, Format Version 12.00
# Visual Studio 15
VisualStudioVersion = 15.0.27130.2036
MinimumVisualStudioVersion = 10.0.40219.1
Project("{9A19103F-16F7-4668-BE54-9A1E7A4F7556}") = "Plotty.Model", "Plotty.Model\Plotty.Model.csproj", "{2953CB7E-7692-4D36-9D66-CC1FCE165D9B}"
EndProject
Project("{9A19103F-16F7-4668-BE54-9A1E7A4F7556}") = "Plotty.Commands", "Plotty.Commands\Plotty.Commands.csproj", "{817789AE-766F-48E0-915A-E71D55103D72}"
EndProject
Project("{9A19103F-16F7-4668-BE54-9A1E7A4F7556}") = "Plotty.VirtualMachine", "Plotty.VirtualMachine\Plotty.VirtualMachine.csproj", "{25553E47-8408-402C-A4B5-B6537070594A}"
EndProject
Project("{9A19103F-16F7-4668-BE54-9A1E7A4F7556}") = "Plotty.Parser", "Plotty.Parser\Plotty.Parser.csproj", "{AE0D23C6-31E7-4F8C-8325-E3D5ED696A2F}"
EndProject
Project("{2150E333-8FDC-42A3-9474-1A3956D46DE8}") = "Applications", "Applications", "{2ED0D6EE-1604-433C-8341-5C5A5F3B88AE}"
EndProject
Project("{9A19103F-16F7-4668-BE54-9A1E7A4F7556}") = "Plotty.Test", "Plotty.Test\Plotty.Test.csproj", "{677050DB-C5D8-4B6D-94D5-7F6E011F9840}"
EndProject
Project("{FAE04EC0-301F-11D3-BF4B-00C04F79EFBC}") = "Plotty.Uwp", "Applications\Plotty.Uwp\Plotty.Uwp.csproj", "{A5AFF469-9164-4567-A199-14FAC90049DC}"
EndProject
Project("{2150E333-8FDC-42A3-9474-1A3956D46DE8}") = "Submodules", "Submodules", "{B37911DB-23B0-449B-97BC-043816E00DF9}"
EndProject
Project("{9A19103F-16F7-4668-BE54-9A1E7A4F7556}") = "CodeGen.Intermediate", "CodeGeneration\CodeGen\CodeGen.Intermediate.csproj", "{E57C283E-DAE8-4805-8773-5A1C80F2D145}"
EndProject
Project("{9A19103F-16F7-4668-BE54-9A1E7A4F7556}") = "CodeGen.Ast", "CodeGeneration\CodeGen.Ast\CodeGen.Ast.csproj", "{796C9B34-F973-4F1B-86D9-891B19AB77FE}"
EndProject
Project("{2150E333-8FDC-42A3-9474-1A3956D46DE8}") = "Submodules", "Submodules", "{8006AAB8-3131-4608-8F7B-49C06A334346}"
EndProject
Project("{9A19103F-16F7-4668-BE54-9A1E7A4F7556}") = "Superpower", "CodeGeneration\superpower\src\Superpower\Superpower.csproj", "{0536E143-7463-4292-90F8-0614EB6D8960}"
EndProject
Project("{9A19103F-16F7-4668-BE54-9A1E7A4F7556}") = "CodeGen.Core", "CodeGeneration\CodeGen.Core\CodeGen.Core.csproj", "{218896F7-8149-4322-AF9A-5CEC02F9C3B9}"
EndProject
Project("{2150E333-8FDC-42A3-9474-1A3956D46DE8}") = "CodeGeneration", "CodeGeneration", "{3DC11991-78C9-4781-AEC3-CF57E02A903C}"
EndProject
Project("{9A19103F-16F7-4668-BE54-9A1E7A4F7556}") = "Plotty.Compiler", "Plotty.Compiler\Plotty.Compiler.csproj", "{ED437E95-1249-4A7A-94B3-E1546EB98CBA}"
EndProject
Project("{9A19103F-16F7-4668-BE54-9A1E7A4F7556}") = "Plotty.Compiler.Tests", "Plotty.Compiler.Tests\Plotty.Compiler.Tests.csproj", "{F816A10F-7FED-4273-9313-9523F5A4BB7C}"
EndProject
Project("{9A19103F-16F7-4668-BE54-9A1E7A4F7556}") = "Plotty.CodeGeneration", "Plotty.CodeGeneration\Plotty.CodeGeneration.csproj", "{307FAC61-BB9D-417A-A887-18E1E3C854F3}"
EndProject
Project("{FAE04EC0-301F-11D3-BF4B-00C04F79EFBC}") = "DeepEqual", "DeepEqual\src\DeepEqual\DeepEqual.csproj", "{5125DCF0-FAD0-412F-B06C-FF4CE289A844}"
EndProject
Project("{9A19103F-16F7-4668-BE54-9A1E7A4F7556}") = "Plotty.Console", "Applications\Plotty.Console\Plotty.Console.csproj", "{AACD9B55-F439-4F85-B376-29BAA6D4E048}"
EndProject
Project("{9A19103F-16F7-4668-BE54-9A1E7A4F7556}") = "Superpower", "superpower\src\Superpower\Superpower.csproj", "{D5AB8485-9FF1-492C-889F-718EB0B10DFE}"
EndProject
Global
	GlobalSection(SolutionConfigurationPlatforms) = preSolution
		Debug|Any CPU = Debug|Any CPU
		Debug|ARM = Debug|ARM
		Debug|x64 = Debug|x64
		Debug|x86 = Debug|x86
		Release|Any CPU = Release|Any CPU
		Release|ARM = Release|ARM
		Release|x64 = Release|x64
		Release|x86 = Release|x86
	EndGlobalSection
	GlobalSection(ProjectConfigurationPlatforms) = postSolution
		{2953CB7E-7692-4D36-9D66-CC1FCE165D9B}.Debug|Any CPU.ActiveCfg = Debug|Any CPU
		{2953CB7E-7692-4D36-9D66-CC1FCE165D9B}.Debug|Any CPU.Build.0 = Debug|Any CPU
		{2953CB7E-7692-4D36-9D66-CC1FCE165D9B}.Debug|ARM.ActiveCfg = Debug|Any CPU
		{2953CB7E-7692-4D36-9D66-CC1FCE165D9B}.Debug|ARM.Build.0 = Debug|Any CPU
		{2953CB7E-7692-4D36-9D66-CC1FCE165D9B}.Debug|x64.ActiveCfg = Debug|Any CPU
		{2953CB7E-7692-4D36-9D66-CC1FCE165D9B}.Debug|x64.Build.0 = Debug|Any CPU
		{2953CB7E-7692-4D36-9D66-CC1FCE165D9B}.Debug|x86.ActiveCfg = Debug|Any CPU
		{2953CB7E-7692-4D36-9D66-CC1FCE165D9B}.Debug|x86.Build.0 = Debug|Any CPU
		{2953CB7E-7692-4D36-9D66-CC1FCE165D9B}.Release|Any CPU.ActiveCfg = Release|Any CPU
		{2953CB7E-7692-4D36-9D66-CC1FCE165D9B}.Release|Any CPU.Build.0 = Release|Any CPU
		{2953CB7E-7692-4D36-9D66-CC1FCE165D9B}.Release|ARM.ActiveCfg = Release|Any CPU
		{2953CB7E-7692-4D36-9D66-CC1FCE165D9B}.Release|ARM.Build.0 = Release|Any CPU
		{2953CB7E-7692-4D36-9D66-CC1FCE165D9B}.Release|x64.ActiveCfg = Release|Any CPU
		{2953CB7E-7692-4D36-9D66-CC1FCE165D9B}.Release|x64.Build.0 = Release|Any CPU
		{2953CB7E-7692-4D36-9D66-CC1FCE165D9B}.Release|x86.ActiveCfg = Release|Any CPU
		{2953CB7E-7692-4D36-9D66-CC1FCE165D9B}.Release|x86.Build.0 = Release|Any CPU
		{817789AE-766F-48E0-915A-E71D55103D72}.Debug|Any CPU.ActiveCfg = Debug|Any CPU
		{817789AE-766F-48E0-915A-E71D55103D72}.Debug|Any CPU.Build.0 = Debug|Any CPU
		{817789AE-766F-48E0-915A-E71D55103D72}.Debug|ARM.ActiveCfg = Debug|Any CPU
		{817789AE-766F-48E0-915A-E71D55103D72}.Debug|ARM.Build.0 = Debug|Any CPU
		{817789AE-766F-48E0-915A-E71D55103D72}.Debug|x64.ActiveCfg = Debug|Any CPU
		{817789AE-766F-48E0-915A-E71D55103D72}.Debug|x64.Build.0 = Debug|Any CPU
		{817789AE-766F-48E0-915A-E71D55103D72}.Debug|x86.ActiveCfg = Debug|Any CPU
		{817789AE-766F-48E0-915A-E71D55103D72}.Debug|x86.Build.0 = Debug|Any CPU
		{817789AE-766F-48E0-915A-E71D55103D72}.Release|Any CPU.ActiveCfg = Release|Any CPU
		{817789AE-766F-48E0-915A-E71D55103D72}.Release|Any CPU.Build.0 = Release|Any CPU
		{817789AE-766F-48E0-915A-E71D55103D72}.Release|ARM.ActiveCfg = Release|Any CPU
		{817789AE-766F-48E0-915A-E71D55103D72}.Release|ARM.Build.0 = Release|Any CPU
		{817789AE-766F-48E0-915A-E71D55103D72}.Release|x64.ActiveCfg = Release|Any CPU
		{817789AE-766F-48E0-915A-E71D55103D72}.Release|x64.Build.0 = Release|Any CPU
		{817789AE-766F-48E0-915A-E71D55103D72}.Release|x86.ActiveCfg = Release|Any CPU
		{817789AE-766F-48E0-915A-E71D55103D72}.Release|x86.Build.0 = Release|Any CPU
		{25553E47-8408-402C-A4B5-B6537070594A}.Debug|Any CPU.ActiveCfg = Debug|Any CPU
		{25553E47-8408-402C-A4B5-B6537070594A}.Debug|Any CPU.Build.0 = Debug|Any CPU
		{25553E47-8408-402C-A4B5-B6537070594A}.Debug|ARM.ActiveCfg = Debug|Any CPU
		{25553E47-8408-402C-A4B5-B6537070594A}.Debug|ARM.Build.0 = Debug|Any CPU
		{25553E47-8408-402C-A4B5-B6537070594A}.Debug|x64.ActiveCfg = Debug|Any CPU
		{25553E47-8408-402C-A4B5-B6537070594A}.Debug|x64.Build.0 = Debug|Any CPU
		{25553E47-8408-402C-A4B5-B6537070594A}.Debug|x86.ActiveCfg = Debug|Any CPU
		{25553E47-8408-402C-A4B5-B6537070594A}.Debug|x86.Build.0 = Debug|Any CPU
		{25553E47-8408-402C-A4B5-B6537070594A}.Release|Any CPU.ActiveCfg = Release|Any CPU
		{25553E47-8408-402C-A4B5-B6537070594A}.Release|Any CPU.Build.0 = Release|Any CPU
		{25553E47-8408-402C-A4B5-B6537070594A}.Release|ARM.ActiveCfg = Release|Any CPU
		{25553E47-8408-402C-A4B5-B6537070594A}.Release|ARM.Build.0 = Release|Any CPU
		{25553E47-8408-402C-A4B5-B6537070594A}.Release|x64.ActiveCfg = Release|Any CPU
		{25553E47-8408-402C-A4B5-B6537070594A}.Release|x64.Build.0 = Release|Any CPU
		{25553E47-8408-402C-A4B5-B6537070594A}.Release|x86.ActiveCfg = Release|Any CPU
		{25553E47-8408-402C-A4B5-B6537070594A}.Release|x86.Build.0 = Release|Any CPU
		{AE0D23C6-31E7-4F8C-8325-E3D5ED696A2F}.Debug|Any CPU.ActiveCfg = Debug|Any CPU
		{AE0D23C6-31E7-4F8C-8325-E3D5ED696A2F}.Debug|Any CPU.Build.0 = Debug|Any CPU
		{AE0D23C6-31E7-4F8C-8325-E3D5ED696A2F}.Debug|ARM.ActiveCfg = Debug|Any CPU
		{AE0D23C6-31E7-4F8C-8325-E3D5ED696A2F}.Debug|ARM.Build.0 = Debug|Any CPU
		{AE0D23C6-31E7-4F8C-8325-E3D5ED696A2F}.Debug|x64.ActiveCfg = Debug|Any CPU
		{AE0D23C6-31E7-4F8C-8325-E3D5ED696A2F}.Debug|x64.Build.0 = Debug|Any CPU
		{AE0D23C6-31E7-4F8C-8325-E3D5ED696A2F}.Debug|x86.ActiveCfg = Debug|Any CPU
		{AE0D23C6-31E7-4F8C-8325-E3D5ED696A2F}.Debug|x86.Build.0 = Debug|Any CPU
		{AE0D23C6-31E7-4F8C-8325-E3D5ED696A2F}.Release|Any CPU.ActiveCfg = Release|Any CPU
		{AE0D23C6-31E7-4F8C-8325-E3D5ED696A2F}.Release|Any CPU.Build.0 = Release|Any CPU
		{AE0D23C6-31E7-4F8C-8325-E3D5ED696A2F}.Release|ARM.ActiveCfg = Release|Any CPU
		{AE0D23C6-31E7-4F8C-8325-E3D5ED696A2F}.Release|ARM.Build.0 = Release|Any CPU
		{AE0D23C6-31E7-4F8C-8325-E3D5ED696A2F}.Release|x64.ActiveCfg = Release|Any CPU
		{AE0D23C6-31E7-4F8C-8325-E3D5ED696A2F}.Release|x64.Build.0 = Release|Any CPU
		{AE0D23C6-31E7-4F8C-8325-E3D5ED696A2F}.Release|x86.ActiveCfg = Release|Any CPU
		{AE0D23C6-31E7-4F8C-8325-E3D5ED696A2F}.Release|x86.Build.0 = Release|Any CPU
		{677050DB-C5D8-4B6D-94D5-7F6E011F9840}.Debug|Any CPU.ActiveCfg = Debug|Any CPU
		{677050DB-C5D8-4B6D-94D5-7F6E011F9840}.Debug|Any CPU.Build.0 = Debug|Any CPU
		{677050DB-C5D8-4B6D-94D5-7F6E011F9840}.Debug|ARM.ActiveCfg = Debug|Any CPU
		{677050DB-C5D8-4B6D-94D5-7F6E011F9840}.Debug|ARM.Build.0 = Debug|Any CPU
		{677050DB-C5D8-4B6D-94D5-7F6E011F9840}.Debug|x64.ActiveCfg = Debug|Any CPU
		{677050DB-C5D8-4B6D-94D5-7F6E011F9840}.Debug|x64.Build.0 = Debug|Any CPU
		{677050DB-C5D8-4B6D-94D5-7F6E011F9840}.Debug|x86.ActiveCfg = Debug|Any CPU
		{677050DB-C5D8-4B6D-94D5-7F6E011F9840}.Debug|x86.Build.0 = Debug|Any CPU
		{677050DB-C5D8-4B6D-94D5-7F6E011F9840}.Release|Any CPU.ActiveCfg = Release|Any CPU
		{677050DB-C5D8-4B6D-94D5-7F6E011F9840}.Release|Any CPU.Build.0 = Release|Any CPU
		{677050DB-C5D8-4B6D-94D5-7F6E011F9840}.Release|ARM.ActiveCfg = Release|Any CPU
		{677050DB-C5D8-4B6D-94D5-7F6E011F9840}.Release|ARM.Build.0 = Release|Any CPU
		{677050DB-C5D8-4B6D-94D5-7F6E011F9840}.Release|x64.ActiveCfg = Release|Any CPU
		{677050DB-C5D8-4B6D-94D5-7F6E011F9840}.Release|x64.Build.0 = Release|Any CPU
		{677050DB-C5D8-4B6D-94D5-7F6E011F9840}.Release|x86.ActiveCfg = Release|Any CPU
		{677050DB-C5D8-4B6D-94D5-7F6E011F9840}.Release|x86.Build.0 = Release|Any CPU
		{A5AFF469-9164-4567-A199-14FAC90049DC}.Debug|Any CPU.ActiveCfg = Debug|x86
		{A5AFF469-9164-4567-A199-14FAC90049DC}.Debug|ARM.ActiveCfg = Debug|ARM
		{A5AFF469-9164-4567-A199-14FAC90049DC}.Debug|ARM.Build.0 = Debug|ARM
		{A5AFF469-9164-4567-A199-14FAC90049DC}.Debug|ARM.Deploy.0 = Debug|ARM
		{A5AFF469-9164-4567-A199-14FAC90049DC}.Debug|x64.ActiveCfg = Debug|x64
		{A5AFF469-9164-4567-A199-14FAC90049DC}.Debug|x64.Build.0 = Debug|x64
		{A5AFF469-9164-4567-A199-14FAC90049DC}.Debug|x64.Deploy.0 = Debug|x64
		{A5AFF469-9164-4567-A199-14FAC90049DC}.Debug|x86.ActiveCfg = Debug|x86
		{A5AFF469-9164-4567-A199-14FAC90049DC}.Debug|x86.Build.0 = Debug|x86
		{A5AFF469-9164-4567-A199-14FAC90049DC}.Debug|x86.Deploy.0 = Debug|x86
		{A5AFF469-9164-4567-A199-14FAC90049DC}.Release|Any CPU.ActiveCfg = Release|x86
		{A5AFF469-9164-4567-A199-14FAC90049DC}.Release|ARM.ActiveCfg = Release|ARM
		{A5AFF469-9164-4567-A199-14FAC90049DC}.Release|ARM.Build.0 = Release|ARM
		{A5AFF469-9164-4567-A199-14FAC90049DC}.Release|ARM.Deploy.0 = Release|ARM
		{A5AFF469-9164-4567-A199-14FAC90049DC}.Release|x64.ActiveCfg = Release|x64
		{A5AFF469-9164-4567-A199-14FAC90049DC}.Release|x64.Build.0 = Release|x64
		{A5AFF469-9164-4567-A199-14FAC90049DC}.Release|x64.Deploy.0 = Release|x64
		{A5AFF469-9164-4567-A199-14FAC90049DC}.Release|x86.ActiveCfg = Release|x86
		{A5AFF469-9164-4567-A199-14FAC90049DC}.Release|x86.Build.0 = Release|x86
		{A5AFF469-9164-4567-A199-14FAC90049DC}.Release|x86.Deploy.0 = Release|x86
		{E57C283E-DAE8-4805-8773-5A1C80F2D145}.Debug|Any CPU.ActiveCfg = Debug|Any CPU
		{E57C283E-DAE8-4805-8773-5A1C80F2D145}.Debug|Any CPU.Build.0 = Debug|Any CPU
		{E57C283E-DAE8-4805-8773-5A1C80F2D145}.Debug|ARM.ActiveCfg = Debug|Any CPU
		{E57C283E-DAE8-4805-8773-5A1C80F2D145}.Debug|ARM.Build.0 = Debug|Any CPU
		{E57C283E-DAE8-4805-8773-5A1C80F2D145}.Debug|x64.ActiveCfg = Debug|Any CPU
		{E57C283E-DAE8-4805-8773-5A1C80F2D145}.Debug|x86.ActiveCfg = Debug|Any CPU
		{E57C283E-DAE8-4805-8773-5A1C80F2D145}.Debug|x86.Build.0 = Debug|Any CPU
		{E57C283E-DAE8-4805-8773-5A1C80F2D145}.Release|Any CPU.ActiveCfg = Release|Any CPU
		{E57C283E-DAE8-4805-8773-5A1C80F2D145}.Release|Any CPU.Build.0 = Release|Any CPU
		{E57C283E-DAE8-4805-8773-5A1C80F2D145}.Release|ARM.ActiveCfg = Release|Any CPU
		{E57C283E-DAE8-4805-8773-5A1C80F2D145}.Release|ARM.Build.0 = Release|Any CPU
		{E57C283E-DAE8-4805-8773-5A1C80F2D145}.Release|x64.ActiveCfg = Release|Any CPU
		{E57C283E-DAE8-4805-8773-5A1C80F2D145}.Release|x64.Build.0 = Release|Any CPU
		{E57C283E-DAE8-4805-8773-5A1C80F2D145}.Release|x86.ActiveCfg = Release|Any CPU
		{E57C283E-DAE8-4805-8773-5A1C80F2D145}.Release|x86.Build.0 = Release|Any CPU
		{796C9B34-F973-4F1B-86D9-891B19AB77FE}.Debug|Any CPU.ActiveCfg = Debug|Any CPU
		{796C9B34-F973-4F1B-86D9-891B19AB77FE}.Debug|Any CPU.Build.0 = Debug|Any CPU
		{796C9B34-F973-4F1B-86D9-891B19AB77FE}.Debug|ARM.ActiveCfg = Debug|Any CPU
		{796C9B34-F973-4F1B-86D9-891B19AB77FE}.Debug|ARM.Build.0 = Debug|Any CPU
		{796C9B34-F973-4F1B-86D9-891B19AB77FE}.Debug|x64.ActiveCfg = Debug|Any CPU
		{796C9B34-F973-4F1B-86D9-891B19AB77FE}.Debug|x86.ActiveCfg = Debug|Any CPU
		{796C9B34-F973-4F1B-86D9-891B19AB77FE}.Debug|x86.Build.0 = Debug|Any CPU
		{796C9B34-F973-4F1B-86D9-891B19AB77FE}.Release|Any CPU.ActiveCfg = Release|Any CPU
		{796C9B34-F973-4F1B-86D9-891B19AB77FE}.Release|Any CPU.Build.0 = Release|Any CPU
		{796C9B34-F973-4F1B-86D9-891B19AB77FE}.Release|ARM.ActiveCfg = Release|Any CPU
		{796C9B34-F973-4F1B-86D9-891B19AB77FE}.Release|ARM.Build.0 = Release|Any CPU
		{796C9B34-F973-4F1B-86D9-891B19AB77FE}.Release|x64.ActiveCfg = Release|Any CPU
		{796C9B34-F973-4F1B-86D9-891B19AB77FE}.Release|x64.Build.0 = Release|Any CPU
		{796C9B34-F973-4F1B-86D9-891B19AB77FE}.Release|x86.ActiveCfg = Release|Any CPU
		{796C9B34-F973-4F1B-86D9-891B19AB77FE}.Release|x86.Build.0 = Release|Any CPU
		{0536E143-7463-4292-90F8-0614EB6D8960}.Debug|Any CPU.ActiveCfg = Debug|Any CPU
		{0536E143-7463-4292-90F8-0614EB6D8960}.Debug|Any CPU.Build.0 = Debug|Any CPU
		{0536E143-7463-4292-90F8-0614EB6D8960}.Debug|ARM.ActiveCfg = Debug|Any CPU
		{0536E143-7463-4292-90F8-0614EB6D8960}.Debug|x64.ActiveCfg = Debug|Any CPU
		{0536E143-7463-4292-90F8-0614EB6D8960}.Debug|x86.ActiveCfg = Debug|Any CPU
		{0536E143-7463-4292-90F8-0614EB6D8960}.Release|Any CPU.ActiveCfg = Release|Any CPU
		{0536E143-7463-4292-90F8-0614EB6D8960}.Release|Any CPU.Build.0 = Release|Any CPU
		{0536E143-7463-4292-90F8-0614EB6D8960}.Release|ARM.ActiveCfg = Release|Any CPU
		{0536E143-7463-4292-90F8-0614EB6D8960}.Release|x64.ActiveCfg = Release|Any CPU
		{0536E143-7463-4292-90F8-0614EB6D8960}.Release|x86.ActiveCfg = Release|Any CPU
		{218896F7-8149-4322-AF9A-5CEC02F9C3B9}.Debug|Any CPU.ActiveCfg = Debug|Any CPU
		{218896F7-8149-4322-AF9A-5CEC02F9C3B9}.Debug|Any CPU.Build.0 = Debug|Any CPU
		{218896F7-8149-4322-AF9A-5CEC02F9C3B9}.Debug|ARM.ActiveCfg = Debug|Any CPU
		{218896F7-8149-4322-AF9A-5CEC02F9C3B9}.Debug|ARM.Build.0 = Debug|Any CPU
		{218896F7-8149-4322-AF9A-5CEC02F9C3B9}.Debug|x64.ActiveCfg = Debug|Any CPU
		{218896F7-8149-4322-AF9A-5CEC02F9C3B9}.Debug|x86.ActiveCfg = Debug|Any CPU
		{218896F7-8149-4322-AF9A-5CEC02F9C3B9}.Debug|x86.Build.0 = Debug|Any CPU
		{218896F7-8149-4322-AF9A-5CEC02F9C3B9}.Release|Any CPU.ActiveCfg = Release|Any CPU
		{218896F7-8149-4322-AF9A-5CEC02F9C3B9}.Release|Any CPU.Build.0 = Release|Any CPU
		{218896F7-8149-4322-AF9A-5CEC02F9C3B9}.Release|ARM.ActiveCfg = Release|Any CPU
		{218896F7-8149-4322-AF9A-5CEC02F9C3B9}.Release|ARM.Build.0 = Release|Any CPU
		{218896F7-8149-4322-AF9A-5CEC02F9C3B9}.Release|x64.ActiveCfg = Release|Any CPU
		{218896F7-8149-4322-AF9A-5CEC02F9C3B9}.Release|x64.Build.0 = Release|Any CPU
		{218896F7-8149-4322-AF9A-5CEC02F9C3B9}.Release|x86.ActiveCfg = Release|Any CPU
		{218896F7-8149-4322-AF9A-5CEC02F9C3B9}.Release|x86.Build.0 = Release|Any CPU
		{ED437E95-1249-4A7A-94B3-E1546EB98CBA}.Debug|Any CPU.ActiveCfg = Debug|Any CPU
		{ED437E95-1249-4A7A-94B3-E1546EB98CBA}.Debug|Any CPU.Build.0 = Debug|Any CPU
		{ED437E95-1249-4A7A-94B3-E1546EB98CBA}.Debug|ARM.ActiveCfg = Debug|Any CPU
		{ED437E95-1249-4A7A-94B3-E1546EB98CBA}.Debug|ARM.Build.0 = Debug|Any CPU
		{ED437E95-1249-4A7A-94B3-E1546EB98CBA}.Debug|x64.ActiveCfg = Debug|Any CPU
		{ED437E95-1249-4A7A-94B3-E1546EB98CBA}.Debug|x64.Build.0 = Debug|Any CPU
		{ED437E95-1249-4A7A-94B3-E1546EB98CBA}.Debug|x86.ActiveCfg = Debug|Any CPU
		{ED437E95-1249-4A7A-94B3-E1546EB98CBA}.Debug|x86.Build.0 = Debug|Any CPU
		{ED437E95-1249-4A7A-94B3-E1546EB98CBA}.Release|Any CPU.ActiveCfg = Release|Any CPU
		{ED437E95-1249-4A7A-94B3-E1546EB98CBA}.Release|Any CPU.Build.0 = Release|Any CPU
		{ED437E95-1249-4A7A-94B3-E1546EB98CBA}.Release|ARM.ActiveCfg = Release|Any CPU
		{ED437E95-1249-4A7A-94B3-E1546EB98CBA}.Release|ARM.Build.0 = Release|Any CPU
		{ED437E95-1249-4A7A-94B3-E1546EB98CBA}.Release|x64.ActiveCfg = Release|Any CPU
		{ED437E95-1249-4A7A-94B3-E1546EB98CBA}.Release|x64.Build.0 = Release|Any CPU
		{ED437E95-1249-4A7A-94B3-E1546EB98CBA}.Release|x86.ActiveCfg = Release|Any CPU
		{ED437E95-1249-4A7A-94B3-E1546EB98CBA}.Release|x86.Build.0 = Release|Any CPU
		{F816A10F-7FED-4273-9313-9523F5A4BB7C}.Debug|Any CPU.ActiveCfg = Debug|Any CPU
		{F816A10F-7FED-4273-9313-9523F5A4BB7C}.Debug|Any CPU.Build.0 = Debug|Any CPU
		{F816A10F-7FED-4273-9313-9523F5A4BB7C}.Debug|ARM.ActiveCfg = Debug|Any CPU
		{F816A10F-7FED-4273-9313-9523F5A4BB7C}.Debug|ARM.Build.0 = Debug|Any CPU
		{F816A10F-7FED-4273-9313-9523F5A4BB7C}.Debug|x64.ActiveCfg = Debug|Any CPU
		{F816A10F-7FED-4273-9313-9523F5A4BB7C}.Debug|x64.Build.0 = Debug|Any CPU
		{F816A10F-7FED-4273-9313-9523F5A4BB7C}.Debug|x86.ActiveCfg = Debug|Any CPU
		{F816A10F-7FED-4273-9313-9523F5A4BB7C}.Debug|x86.Build.0 = Debug|Any CPU
		{F816A10F-7FED-4273-9313-9523F5A4BB7C}.Release|Any CPU.ActiveCfg = Release|Any CPU
		{F816A10F-7FED-4273-9313-9523F5A4BB7C}.Release|Any CPU.Build.0 = Release|Any CPU
		{F816A10F-7FED-4273-9313-9523F5A4BB7C}.Release|ARM.ActiveCfg = Release|Any CPU
		{F816A10F-7FED-4273-9313-9523F5A4BB7C}.Release|ARM.Build.0 = Release|Any CPU
		{F816A10F-7FED-4273-9313-9523F5A4BB7C}.Release|x64.ActiveCfg = Release|Any CPU
		{F816A10F-7FED-4273-9313-9523F5A4BB7C}.Release|x64.Build.0 = Release|Any CPU
		{F816A10F-7FED-4273-9313-9523F5A4BB7C}.Release|x86.ActiveCfg = Release|Any CPU
		{F816A10F-7FED-4273-9313-9523F5A4BB7C}.Release|x86.Build.0 = Release|Any CPU
		{307FAC61-BB9D-417A-A887-18E1E3C854F3}.Debug|Any CPU.ActiveCfg = Debug|Any CPU
		{307FAC61-BB9D-417A-A887-18E1E3C854F3}.Debug|Any CPU.Build.0 = Debug|Any CPU
		{307FAC61-BB9D-417A-A887-18E1E3C854F3}.Debug|ARM.ActiveCfg = Debug|Any CPU
		{307FAC61-BB9D-417A-A887-18E1E3C854F3}.Debug|ARM.Build.0 = Debug|Any CPU
		{307FAC61-BB9D-417A-A887-18E1E3C854F3}.Debug|x64.ActiveCfg = Debug|Any CPU
		{307FAC61-BB9D-417A-A887-18E1E3C854F3}.Debug|x64.Build.0 = Debug|Any CPU
		{307FAC61-BB9D-417A-A887-18E1E3C854F3}.Debug|x86.ActiveCfg = Debug|Any CPU
		{307FAC61-BB9D-417A-A887-18E1E3C854F3}.Debug|x86.Build.0 = Debug|Any CPU
		{307FAC61-BB9D-417A-A887-18E1E3C854F3}.Release|Any CPU.ActiveCfg = Release|Any CPU
		{307FAC61-BB9D-417A-A887-18E1E3C854F3}.Release|Any CPU.Build.0 = Release|Any CPU
		{307FAC61-BB9D-417A-A887-18E1E3C854F3}.Release|ARM.ActiveCfg = Release|Any CPU
		{307FAC61-BB9D-417A-A887-18E1E3C854F3}.Release|ARM.Build.0 = Release|Any CPU
		{307FAC61-BB9D-417A-A887-18E1E3C854F3}.Release|x64.ActiveCfg = Release|Any CPU
		{307FAC61-BB9D-417A-A887-18E1E3C854F3}.Release|x64.Build.0 = Release|Any CPU
		{307FAC61-BB9D-417A-A887-18E1E3C854F3}.Release|x86.ActiveCfg = Release|Any CPU
		{307FAC61-BB9D-417A-A887-18E1E3C854F3}.Release|x86.Build.0 = Release|Any CPU
		{5125DCF0-FAD0-412F-B06C-FF4CE289A844}.Debug|Any CPU.ActiveCfg = Debug|Any CPU
		{5125DCF0-FAD0-412F-B06C-FF4CE289A844}.Debug|Any CPU.Build.0 = Debug|Any CPU
		{5125DCF0-FAD0-412F-B06C-FF4CE289A844}.Debug|ARM.ActiveCfg = Debug|Any CPU
		{5125DCF0-FAD0-412F-B06C-FF4CE289A844}.Debug|ARM.Build.0 = Debug|Any CPU
		{5125DCF0-FAD0-412F-B06C-FF4CE289A844}.Debug|x64.ActiveCfg = Debug|Any CPU
		{5125DCF0-FAD0-412F-B06C-FF4CE289A844}.Debug|x64.Build.0 = Debug|Any CPU
		{5125DCF0-FAD0-412F-B06C-FF4CE289A844}.Debug|x86.ActiveCfg = Debug|Any CPU
		{5125DCF0-FAD0-412F-B06C-FF4CE289A844}.Debug|x86.Build.0 = Debug|Any CPU
		{5125DCF0-FAD0-412F-B06C-FF4CE289A844}.Release|Any CPU.ActiveCfg = Release|Any CPU
		{5125DCF0-FAD0-412F-B06C-FF4CE289A844}.Release|Any CPU.Build.0 = Release|Any CPU
		{5125DCF0-FAD0-412F-B06C-FF4CE289A844}.Release|ARM.ActiveCfg = Release|Any CPU
		{5125DCF0-FAD0-412F-B06C-FF4CE289A844}.Release|ARM.Build.0 = Release|Any CPU
		{5125DCF0-FAD0-412F-B06C-FF4CE289A844}.Release|x64.ActiveCfg = Release|Any CPU
		{5125DCF0-FAD0-412F-B06C-FF4CE289A844}.Release|x64.Build.0 = Release|Any CPU
		{5125DCF0-FAD0-412F-B06C-FF4CE289A844}.Release|x86.ActiveCfg = Release|Any CPU
		{5125DCF0-FAD0-412F-B06C-FF4CE289A844}.Release|x86.Build.0 = Release|Any CPU
		{AACD9B55-F439-4F85-B376-29BAA6D4E048}.Debug|Any CPU.ActiveCfg = Debug|Any CPU
		{AACD9B55-F439-4F85-B376-29BAA6D4E048}.Debug|Any CPU.Build.0 = Debug|Any CPU
		{AACD9B55-F439-4F85-B376-29BAA6D4E048}.Debug|ARM.ActiveCfg = Debug|Any CPU
		{AACD9B55-F439-4F85-B376-29BAA6D4E048}.Debug|ARM.Build.0 = Debug|Any CPU
		{AACD9B55-F439-4F85-B376-29BAA6D4E048}.Debug|x64.ActiveCfg = Debug|Any CPU
		{AACD9B55-F439-4F85-B376-29BAA6D4E048}.Debug|x64.Build.0 = Debug|Any CPU
		{AACD9B55-F439-4F85-B376-29BAA6D4E048}.Debug|x86.ActiveCfg = Debug|Any CPU
		{AACD9B55-F439-4F85-B376-29BAA6D4E048}.Debug|x86.Build.0 = Debug|Any CPU
		{AACD9B55-F439-4F85-B376-29BAA6D4E048}.Release|Any CPU.ActiveCfg = Release|Any CPU
		{AACD9B55-F439-4F85-B376-29BAA6D4E048}.Release|Any CPU.Build.0 = Release|Any CPU
		{AACD9B55-F439-4F85-B376-29BAA6D4E048}.Release|ARM.ActiveCfg = Release|Any CPU
		{AACD9B55-F439-4F85-B376-29BAA6D4E048}.Release|ARM.Build.0 = Release|Any CPU
		{AACD9B55-F439-4F85-B376-29BAA6D4E048}.Release|x64.ActiveCfg = Release|Any CPU
		{AACD9B55-F439-4F85-B376-29BAA6D4E048}.Release|x64.Build.0 = Release|Any CPU
		{AACD9B55-F439-4F85-B376-29BAA6D4E048}.Release|x86.ActiveCfg = Release|Any CPU
		{AACD9B55-F439-4F85-B376-29BAA6D4E048}.Release|x86.Build.0 = Release|Any CPU
		{D5AB8485-9FF1-492C-889F-718EB0B10DFE}.Debug|Any CPU.ActiveCfg = Debug|Any CPU
		{D5AB8485-9FF1-492C-889F-718EB0B10DFE}.Debug|Any CPU.Build.0 = Debug|Any CPU
		{D5AB8485-9FF1-492C-889F-718EB0B10DFE}.Debug|ARM.ActiveCfg = Debug|Any CPU
		{D5AB8485-9FF1-492C-889F-718EB0B10DFE}.Debug|ARM.Build.0 = Debug|Any CPU
		{D5AB8485-9FF1-492C-889F-718EB0B10DFE}.Debug|x64.ActiveCfg = Debug|Any CPU
		{D5AB8485-9FF1-492C-889F-718EB0B10DFE}.Debug|x64.Build.0 = Debug|Any CPU
		{D5AB8485-9FF1-492C-889F-718EB0B10DFE}.Debug|x86.ActiveCfg = Debug|Any CPU
		{D5AB8485-9FF1-492C-889F-718EB0B10DFE}.Debug|x86.Build.0 = Debug|Any CPU
		{D5AB8485-9FF1-492C-889F-718EB0B10DFE}.Release|Any CPU.ActiveCfg = Release|Any CPU
		{D5AB8485-9FF1-492C-889F-718EB0B10DFE}.Release|Any CPU.Build.0 = Release|Any CPU
		{D5AB8485-9FF1-492C-889F-718EB0B10DFE}.Release|ARM.ActiveCfg = Release|Any CPU
		{D5AB8485-9FF1-492C-889F-718EB0B10DFE}.Release|ARM.Build.0 = Release|Any CPU
		{D5AB8485-9FF1-492C-889F-718EB0B10DFE}.Release|x64.ActiveCfg = Release|Any CPU
		{D5AB8485-9FF1-492C-889F-718EB0B10DFE}.Release|x64.Build.0 = Release|Any CPU
		{D5AB8485-9FF1-492C-889F-718EB0B10DFE}.Release|x86.ActiveCfg = Release|Any CPU
		{D5AB8485-9FF1-492C-889F-718EB0B10DFE}.Release|x86.Build.0 = Release|Any CPU
	EndGlobalSection
	GlobalSection(SolutionProperties) = preSolution
		HideSolutionNode = FALSE
	EndGlobalSection
	GlobalSection(NestedProjects) = preSolution
		{A5AFF469-9164-4567-A199-14FAC90049DC} = {2ED0D6EE-1604-433C-8341-5C5A5F3B88AE}
		{E57C283E-DAE8-4805-8773-5A1C80F2D145} = {3DC11991-78C9-4781-AEC3-CF57E02A903C}
		{796C9B34-F973-4F1B-86D9-891B19AB77FE} = {3DC11991-78C9-4781-AEC3-CF57E02A903C}
		{8006AAB8-3131-4608-8F7B-49C06A334346} = {3DC11991-78C9-4781-AEC3-CF57E02A903C}
		{0536E143-7463-4292-90F8-0614EB6D8960} = {8006AAB8-3131-4608-8F7B-49C06A334346}
		{218896F7-8149-4322-AF9A-5CEC02F9C3B9} = {3DC11991-78C9-4781-AEC3-CF57E02A903C}
		{3DC11991-78C9-4781-AEC3-CF57E02A903C} = {B37911DB-23B0-449B-97BC-043816E00DF9}
		{5125DCF0-FAD0-412F-B06C-FF4CE289A844} = {B37911DB-23B0-449B-97BC-043816E00DF9}
		{AACD9B55-F439-4F85-B376-29BAA6D4E048} = {2ED0D6EE-1604-433C-8341-5C5A5F3B88AE}
		{D5AB8485-9FF1-492C-889F-718EB0B10DFE} = {B37911DB-23B0-449B-97BC-043816E00DF9}
	EndGlobalSection
	GlobalSection(ExtensibilityGlobals) = postSolution
		SolutionGuid = {CAF4BB59-85D5-455A-89C8-A15AABAC6527}
	EndGlobalSection
EndGlobal
