
Microsoft Visual Studio Solution File, Format Version 12.00
# Visual Studio 15
VisualStudioVersion = 15.0.27130.2036
MinimumVisualStudioVersion = 10.0.40219.1
Project("{9A19103F-16F7-4668-BE54-9A1E7A4F7556}") = "Plotty.Core", "Plotty.Core\Plotty.Core.csproj", "{DB8947FD-8E81-4D6F-A28C-DA32A113206D}"
EndProject
Project("{9A19103F-16F7-4668-BE54-9A1E7A4F7556}") = "Plotty.Test", "Plotty.Test\Plotty.Test.csproj", "{5ADBBC34-FE80-4C29-8FFB-FD8DF72B9D01}"
EndProject
Project("{9A19103F-16F7-4668-BE54-9A1E7A4F7556}") = "Plotty.Console", "Applications\Plotty.Console\Plotty.Console.csproj", "{3560012B-012F-4B68-B787-052DAB6FA328}"
EndProject
Project("{FAE04EC0-301F-11D3-BF4B-00C04F79EFBC}") = "Plotty.Uwp", "Applications\Plotty.Uwp\Plotty.Uwp.csproj", "{A5AFF469-9164-4567-A199-14FAC90049DC}"
EndProject
Project("{2150E333-8FDC-42A3-9474-1A3956D46DE8}") = "Applications", "Applications", "{D9002AE6-7752-4230-ABCC-20DDE148BA5B}"
EndProject
Project("{9A19103F-16F7-4668-BE54-9A1E7A4F7556}") = "Plotty.Compiler", "Plotty.Compiler\Plotty.Compiler.csproj", "{DC2172E9-5AED-4EDF-A36E-23B3B9B9B1D1}"
EndProject
Project("{9A19103F-16F7-4668-BE54-9A1E7A4F7556}") = "Plotty.Compiler.Tests", "Plotty.Compiler.Tests\Plotty.Compiler.Tests.csproj", "{6416BE7D-6A0C-418A-8A79-DD35C6854BB7}"
EndProject
Project("{2150E333-8FDC-42A3-9474-1A3956D46DE8}") = "Compiler", "Compiler", "{FB9AA391-22F6-4EA2-9178-A5D2D69D32D2}"
EndProject
Global
	GlobalSection(SolutionConfigurationPlatforms) = preSolution
		Debug|Any CPU = Debug|Any CPU
		Debug|ARM = Debug|ARM
		Debug|x64 = Debug|x64
		Debug|x86 = Debug|x86
		Release|Any CPU = Release|Any CPU
		Release|ARM = Release|ARM
		Release|x64 = Release|x64
		Release|x86 = Release|x86
	EndGlobalSection
	GlobalSection(ProjectConfigurationPlatforms) = postSolution
		{DB8947FD-8E81-4D6F-A28C-DA32A113206D}.Debug|Any CPU.ActiveCfg = Debug|Any CPU
		{DB8947FD-8E81-4D6F-A28C-DA32A113206D}.Debug|Any CPU.Build.0 = Debug|Any CPU
		{DB8947FD-8E81-4D6F-A28C-DA32A113206D}.Debug|ARM.ActiveCfg = Debug|Any CPU
		{DB8947FD-8E81-4D6F-A28C-DA32A113206D}.Debug|ARM.Build.0 = Debug|Any CPU
		{DB8947FD-8E81-4D6F-A28C-DA32A113206D}.Debug|x64.ActiveCfg = Debug|Any CPU
		{DB8947FD-8E81-4D6F-A28C-DA32A113206D}.Debug|x64.Build.0 = Debug|Any CPU
		{DB8947FD-8E81-4D6F-A28C-DA32A113206D}.Debug|x86.ActiveCfg = Debug|Any CPU
		{DB8947FD-8E81-4D6F-A28C-DA32A113206D}.Debug|x86.Build.0 = Debug|Any CPU
		{DB8947FD-8E81-4D6F-A28C-DA32A113206D}.Release|Any CPU.ActiveCfg = Release|Any CPU
		{DB8947FD-8E81-4D6F-A28C-DA32A113206D}.Release|Any CPU.Build.0 = Release|Any CPU
		{DB8947FD-8E81-4D6F-A28C-DA32A113206D}.Release|ARM.ActiveCfg = Release|Any CPU
		{DB8947FD-8E81-4D6F-A28C-DA32A113206D}.Release|ARM.Build.0 = Release|Any CPU
		{DB8947FD-8E81-4D6F-A28C-DA32A113206D}.Release|x64.ActiveCfg = Release|Any CPU
		{DB8947FD-8E81-4D6F-A28C-DA32A113206D}.Release|x64.Build.0 = Release|Any CPU
		{DB8947FD-8E81-4D6F-A28C-DA32A113206D}.Release|x86.ActiveCfg = Release|Any CPU
		{DB8947FD-8E81-4D6F-A28C-DA32A113206D}.Release|x86.Build.0 = Release|Any CPU
		{5ADBBC34-FE80-4C29-8FFB-FD8DF72B9D01}.Debug|Any CPU.ActiveCfg = Debug|Any CPU
		{5ADBBC34-FE80-4C29-8FFB-FD8DF72B9D01}.Debug|Any CPU.Build.0 = Debug|Any CPU
		{5ADBBC34-FE80-4C29-8FFB-FD8DF72B9D01}.Debug|ARM.ActiveCfg = Debug|Any CPU
		{5ADBBC34-FE80-4C29-8FFB-FD8DF72B9D01}.Debug|ARM.Build.0 = Debug|Any CPU
		{5ADBBC34-FE80-4C29-8FFB-FD8DF72B9D01}.Debug|x64.ActiveCfg = Debug|Any CPU
		{5ADBBC34-FE80-4C29-8FFB-FD8DF72B9D01}.Debug|x64.Build.0 = Debug|Any CPU
		{5ADBBC34-FE80-4C29-8FFB-FD8DF72B9D01}.Debug|x86.ActiveCfg = Debug|Any CPU
		{5ADBBC34-FE80-4C29-8FFB-FD8DF72B9D01}.Debug|x86.Build.0 = Debug|Any CPU
		{5ADBBC34-FE80-4C29-8FFB-FD8DF72B9D01}.Release|Any CPU.ActiveCfg = Release|Any CPU
		{5ADBBC34-FE80-4C29-8FFB-FD8DF72B9D01}.Release|Any CPU.Build.0 = Release|Any CPU
		{5ADBBC34-FE80-4C29-8FFB-FD8DF72B9D01}.Release|ARM.ActiveCfg = Release|Any CPU
		{5ADBBC34-FE80-4C29-8FFB-FD8DF72B9D01}.Release|ARM.Build.0 = Release|Any CPU
		{5ADBBC34-FE80-4C29-8FFB-FD8DF72B9D01}.Release|x64.ActiveCfg = Release|Any CPU
		{5ADBBC34-FE80-4C29-8FFB-FD8DF72B9D01}.Release|x64.Build.0 = Release|Any CPU
		{5ADBBC34-FE80-4C29-8FFB-FD8DF72B9D01}.Release|x86.ActiveCfg = Release|Any CPU
		{5ADBBC34-FE80-4C29-8FFB-FD8DF72B9D01}.Release|x86.Build.0 = Release|Any CPU
		{3560012B-012F-4B68-B787-052DAB6FA328}.Debug|Any CPU.ActiveCfg = Debug|Any CPU
		{3560012B-012F-4B68-B787-052DAB6FA328}.Debug|Any CPU.Build.0 = Debug|Any CPU
		{3560012B-012F-4B68-B787-052DAB6FA328}.Debug|ARM.ActiveCfg = Debug|Any CPU
		{3560012B-012F-4B68-B787-052DAB6FA328}.Debug|ARM.Build.0 = Debug|Any CPU
		{3560012B-012F-4B68-B787-052DAB6FA328}.Debug|x64.ActiveCfg = Debug|Any CPU
		{3560012B-012F-4B68-B787-052DAB6FA328}.Debug|x64.Build.0 = Debug|Any CPU
		{3560012B-012F-4B68-B787-052DAB6FA328}.Debug|x86.ActiveCfg = Debug|Any CPU
		{3560012B-012F-4B68-B787-052DAB6FA328}.Debug|x86.Build.0 = Debug|Any CPU
		{3560012B-012F-4B68-B787-052DAB6FA328}.Release|Any CPU.ActiveCfg = Release|Any CPU
		{3560012B-012F-4B68-B787-052DAB6FA328}.Release|Any CPU.Build.0 = Release|Any CPU
		{3560012B-012F-4B68-B787-052DAB6FA328}.Release|ARM.ActiveCfg = Release|Any CPU
		{3560012B-012F-4B68-B787-052DAB6FA328}.Release|ARM.Build.0 = Release|Any CPU
		{3560012B-012F-4B68-B787-052DAB6FA328}.Release|x64.ActiveCfg = Release|Any CPU
		{3560012B-012F-4B68-B787-052DAB6FA328}.Release|x64.Build.0 = Release|Any CPU
		{3560012B-012F-4B68-B787-052DAB6FA328}.Release|x86.ActiveCfg = Release|Any CPU
		{3560012B-012F-4B68-B787-052DAB6FA328}.Release|x86.Build.0 = Release|Any CPU
		{A5AFF469-9164-4567-A199-14FAC90049DC}.Debug|Any CPU.ActiveCfg = Debug|x86
		{A5AFF469-9164-4567-A199-14FAC90049DC}.Debug|ARM.ActiveCfg = Debug|ARM
		{A5AFF469-9164-4567-A199-14FAC90049DC}.Debug|ARM.Build.0 = Debug|ARM
		{A5AFF469-9164-4567-A199-14FAC90049DC}.Debug|ARM.Deploy.0 = Debug|ARM
		{A5AFF469-9164-4567-A199-14FAC90049DC}.Debug|x64.ActiveCfg = Debug|x64
		{A5AFF469-9164-4567-A199-14FAC90049DC}.Debug|x64.Build.0 = Debug|x64
		{A5AFF469-9164-4567-A199-14FAC90049DC}.Debug|x64.Deploy.0 = Debug|x64
		{A5AFF469-9164-4567-A199-14FAC90049DC}.Debug|x86.ActiveCfg = Debug|x86
		{A5AFF469-9164-4567-A199-14FAC90049DC}.Debug|x86.Build.0 = Debug|x86
		{A5AFF469-9164-4567-A199-14FAC90049DC}.Debug|x86.Deploy.0 = Debug|x86
		{A5AFF469-9164-4567-A199-14FAC90049DC}.Release|Any CPU.ActiveCfg = Release|x86
		{A5AFF469-9164-4567-A199-14FAC90049DC}.Release|ARM.ActiveCfg = Release|ARM
		{A5AFF469-9164-4567-A199-14FAC90049DC}.Release|ARM.Build.0 = Release|ARM
		{A5AFF469-9164-4567-A199-14FAC90049DC}.Release|ARM.Deploy.0 = Release|ARM
		{A5AFF469-9164-4567-A199-14FAC90049DC}.Release|x64.ActiveCfg = Release|x64
		{A5AFF469-9164-4567-A199-14FAC90049DC}.Release|x64.Build.0 = Release|x64
		{A5AFF469-9164-4567-A199-14FAC90049DC}.Release|x64.Deploy.0 = Release|x64
		{A5AFF469-9164-4567-A199-14FAC90049DC}.Release|x86.ActiveCfg = Release|x86
		{A5AFF469-9164-4567-A199-14FAC90049DC}.Release|x86.Build.0 = Release|x86
		{A5AFF469-9164-4567-A199-14FAC90049DC}.Release|x86.Deploy.0 = Release|x86
		{DC2172E9-5AED-4EDF-A36E-23B3B9B9B1D1}.Debug|Any CPU.ActiveCfg = Debug|Any CPU
		{DC2172E9-5AED-4EDF-A36E-23B3B9B9B1D1}.Debug|Any CPU.Build.0 = Debug|Any CPU
		{DC2172E9-5AED-4EDF-A36E-23B3B9B9B1D1}.Debug|ARM.ActiveCfg = Debug|Any CPU
		{DC2172E9-5AED-4EDF-A36E-23B3B9B9B1D1}.Debug|ARM.Build.0 = Debug|Any CPU
		{DC2172E9-5AED-4EDF-A36E-23B3B9B9B1D1}.Debug|x64.ActiveCfg = Debug|Any CPU
		{DC2172E9-5AED-4EDF-A36E-23B3B9B9B1D1}.Debug|x64.Build.0 = Debug|Any CPU
		{DC2172E9-5AED-4EDF-A36E-23B3B9B9B1D1}.Debug|x86.ActiveCfg = Debug|Any CPU
		{DC2172E9-5AED-4EDF-A36E-23B3B9B9B1D1}.Debug|x86.Build.0 = Debug|Any CPU
		{DC2172E9-5AED-4EDF-A36E-23B3B9B9B1D1}.Release|Any CPU.ActiveCfg = Release|Any CPU
		{DC2172E9-5AED-4EDF-A36E-23B3B9B9B1D1}.Release|Any CPU.Build.0 = Release|Any CPU
		{DC2172E9-5AED-4EDF-A36E-23B3B9B9B1D1}.Release|ARM.ActiveCfg = Release|Any CPU
		{DC2172E9-5AED-4EDF-A36E-23B3B9B9B1D1}.Release|ARM.Build.0 = Release|Any CPU
		{DC2172E9-5AED-4EDF-A36E-23B3B9B9B1D1}.Release|x64.ActiveCfg = Release|Any CPU
		{DC2172E9-5AED-4EDF-A36E-23B3B9B9B1D1}.Release|x64.Build.0 = Release|Any CPU
		{DC2172E9-5AED-4EDF-A36E-23B3B9B9B1D1}.Release|x86.ActiveCfg = Release|Any CPU
		{DC2172E9-5AED-4EDF-A36E-23B3B9B9B1D1}.Release|x86.Build.0 = Release|Any CPU
		{6416BE7D-6A0C-418A-8A79-DD35C6854BB7}.Debug|Any CPU.ActiveCfg = Debug|Any CPU
		{6416BE7D-6A0C-418A-8A79-DD35C6854BB7}.Debug|Any CPU.Build.0 = Debug|Any CPU
		{6416BE7D-6A0C-418A-8A79-DD35C6854BB7}.Debug|ARM.ActiveCfg = Debug|Any CPU
		{6416BE7D-6A0C-418A-8A79-DD35C6854BB7}.Debug|ARM.Build.0 = Debug|Any CPU
		{6416BE7D-6A0C-418A-8A79-DD35C6854BB7}.Debug|x64.ActiveCfg = Debug|Any CPU
		{6416BE7D-6A0C-418A-8A79-DD35C6854BB7}.Debug|x64.Build.0 = Debug|Any CPU
		{6416BE7D-6A0C-418A-8A79-DD35C6854BB7}.Debug|x86.ActiveCfg = Debug|Any CPU
		{6416BE7D-6A0C-418A-8A79-DD35C6854BB7}.Debug|x86.Build.0 = Debug|Any CPU
		{6416BE7D-6A0C-418A-8A79-DD35C6854BB7}.Release|Any CPU.ActiveCfg = Release|Any CPU
		{6416BE7D-6A0C-418A-8A79-DD35C6854BB7}.Release|Any CPU.Build.0 = Release|Any CPU
		{6416BE7D-6A0C-418A-8A79-DD35C6854BB7}.Release|ARM.ActiveCfg = Release|Any CPU
		{6416BE7D-6A0C-418A-8A79-DD35C6854BB7}.Release|ARM.Build.0 = Release|Any CPU
		{6416BE7D-6A0C-418A-8A79-DD35C6854BB7}.Release|x64.ActiveCfg = Release|Any CPU
		{6416BE7D-6A0C-418A-8A79-DD35C6854BB7}.Release|x64.Build.0 = Release|Any CPU
		{6416BE7D-6A0C-418A-8A79-DD35C6854BB7}.Release|x86.ActiveCfg = Release|Any CPU
		{6416BE7D-6A0C-418A-8A79-DD35C6854BB7}.Release|x86.Build.0 = Release|Any CPU
	EndGlobalSection
	GlobalSection(SolutionProperties) = preSolution
		HideSolutionNode = FALSE
	EndGlobalSection
	GlobalSection(NestedProjects) = preSolution
		{3560012B-012F-4B68-B787-052DAB6FA328} = {D9002AE6-7752-4230-ABCC-20DDE148BA5B}
		{A5AFF469-9164-4567-A199-14FAC90049DC} = {D9002AE6-7752-4230-ABCC-20DDE148BA5B}
		{DC2172E9-5AED-4EDF-A36E-23B3B9B9B1D1} = {FB9AA391-22F6-4EA2-9178-A5D2D69D32D2}
		{6416BE7D-6A0C-418A-8A79-DD35C6854BB7} = {FB9AA391-22F6-4EA2-9178-A5D2D69D32D2}
	EndGlobalSection
	GlobalSection(ExtensibilityGlobals) = postSolution
		SolutionGuid = {2AE660CA-14A6-4162-9064-567B56389DBA}
	EndGlobalSection
EndGlobal
