
Microsoft Visual Studio Solution File, Format Version 12.00
# Visual Studio 15
VisualStudioVersion = 15.0.27130.2036
MinimumVisualStudioVersion = 10.0.40219.1
Project("{9A19103F-16F7-4668-BE54-9A1E7A4F7556}") = "Plotty.Parser", "Plotty.Core\Plotty.Parser.csproj", "{DB8947FD-8E81-4D6F-A28C-DA32A113206D}"
EndProject
Project("{9A19103F-16F7-4668-BE54-9A1E7A4F7556}") = "Plotty.Test", "Plotty.Test\Plotty.Test.csproj", "{5ADBBC34-FE80-4C29-8FFB-FD8DF72B9D01}"
EndProject
Project("{9A19103F-16F7-4668-BE54-9A1E7A4F7556}") = "Plotty.Console", "Applications\Plotty.Console\Plotty.Console.csproj", "{3560012B-012F-4B68-B787-052DAB6FA328}"
EndProject
Project("{FAE04EC0-301F-11D3-BF4B-00C04F79EFBC}") = "Plotty.Uwp", "Applications\Plotty.Uwp\Plotty.Uwp.csproj", "{A5AFF469-9164-4567-A199-14FAC90049DC}"
EndProject
Project("{2150E333-8FDC-42A3-9474-1A3956D46DE8}") = "Applications", "Applications", "{D9002AE6-7752-4230-ABCC-20DDE148BA5B}"
EndProject
Project("{9A19103F-16F7-4668-BE54-9A1E7A4F7556}") = "Plotty.VirtualMachine", "Plotty.VirtualMachine\Plotty.VirtualMachine.csproj", "{72B597D7-72C8-4F12-9EBC-319785C8AE38}"
EndProject
Project("{9A19103F-16F7-4668-BE54-9A1E7A4F7556}") = "Plotty.Commands", "Plotty.Commands\Plotty.Commands.csproj", "{DD9458FF-6928-47B2-AD6C-1AC6A2517736}"
EndProject
Project("{9A19103F-16F7-4668-BE54-9A1E7A4F7556}") = "Plotty.Model", "..\..\Plotty\Plotty.Instructions\Plotty.Model.csproj", "{55967434-B296-4989-A47D-D6AE03F7C5F2}"
EndProject
Global
	GlobalSection(SolutionConfigurationPlatforms) = preSolution
		Debug|Any CPU = Debug|Any CPU
		Debug|ARM = Debug|ARM
		Debug|x64 = Debug|x64
		Debug|x86 = Debug|x86
		Release|Any CPU = Release|Any CPU
		Release|ARM = Release|ARM
		Release|x64 = Release|x64
		Release|x86 = Release|x86
	EndGlobalSection
	GlobalSection(ProjectConfigurationPlatforms) = postSolution
		{DB8947FD-8E81-4D6F-A28C-DA32A113206D}.Debug|Any CPU.ActiveCfg = Debug|Any CPU
		{DB8947FD-8E81-4D6F-A28C-DA32A113206D}.Debug|Any CPU.Build.0 = Debug|Any CPU
		{DB8947FD-8E81-4D6F-A28C-DA32A113206D}.Debug|ARM.ActiveCfg = Debug|Any CPU
		{DB8947FD-8E81-4D6F-A28C-DA32A113206D}.Debug|ARM.Build.0 = Debug|Any CPU
		{DB8947FD-8E81-4D6F-A28C-DA32A113206D}.Debug|x64.ActiveCfg = Debug|Any CPU
		{DB8947FD-8E81-4D6F-A28C-DA32A113206D}.Debug|x64.Build.0 = Debug|Any CPU
		{DB8947FD-8E81-4D6F-A28C-DA32A113206D}.Debug|x86.ActiveCfg = Debug|Any CPU
		{DB8947FD-8E81-4D6F-A28C-DA32A113206D}.Debug|x86.Build.0 = Debug|Any CPU
		{DB8947FD-8E81-4D6F-A28C-DA32A113206D}.Release|Any CPU.ActiveCfg = Release|Any CPU
		{DB8947FD-8E81-4D6F-A28C-DA32A113206D}.Release|Any CPU.Build.0 = Release|Any CPU
		{DB8947FD-8E81-4D6F-A28C-DA32A113206D}.Release|ARM.ActiveCfg = Release|Any CPU
		{DB8947FD-8E81-4D6F-A28C-DA32A113206D}.Release|ARM.Build.0 = Release|Any CPU
		{DB8947FD-8E81-4D6F-A28C-DA32A113206D}.Release|x64.ActiveCfg = Release|Any CPU
		{DB8947FD-8E81-4D6F-A28C-DA32A113206D}.Release|x64.Build.0 = Release|Any CPU
		{DB8947FD-8E81-4D6F-A28C-DA32A113206D}.Release|x86.ActiveCfg = Release|Any CPU
		{DB8947FD-8E81-4D6F-A28C-DA32A113206D}.Release|x86.Build.0 = Release|Any CPU
		{5ADBBC34-FE80-4C29-8FFB-FD8DF72B9D01}.Debug|Any CPU.ActiveCfg = Debug|Any CPU
		{5ADBBC34-FE80-4C29-8FFB-FD8DF72B9D01}.Debug|Any CPU.Build.0 = Debug|Any CPU
		{5ADBBC34-FE80-4C29-8FFB-FD8DF72B9D01}.Debug|ARM.ActiveCfg = Debug|Any CPU
		{5ADBBC34-FE80-4C29-8FFB-FD8DF72B9D01}.Debug|ARM.Build.0 = Debug|Any CPU
		{5ADBBC34-FE80-4C29-8FFB-FD8DF72B9D01}.Debug|x64.ActiveCfg = Debug|Any CPU
		{5ADBBC34-FE80-4C29-8FFB-FD8DF72B9D01}.Debug|x64.Build.0 = Debug|Any CPU
		{5ADBBC34-FE80-4C29-8FFB-FD8DF72B9D01}.Debug|x86.ActiveCfg = Debug|Any CPU
		{5ADBBC34-FE80-4C29-8FFB-FD8DF72B9D01}.Debug|x86.Build.0 = Debug|Any CPU
		{5ADBBC34-FE80-4C29-8FFB-FD8DF72B9D01}.Release|Any CPU.ActiveCfg = Release|Any CPU
		{5ADBBC34-FE80-4C29-8FFB-FD8DF72B9D01}.Release|Any CPU.Build.0 = Release|Any CPU
		{5ADBBC34-FE80-4C29-8FFB-FD8DF72B9D01}.Release|ARM.ActiveCfg = Release|Any CPU
		{5ADBBC34-FE80-4C29-8FFB-FD8DF72B9D01}.Release|ARM.Build.0 = Release|Any CPU
		{5ADBBC34-FE80-4C29-8FFB-FD8DF72B9D01}.Release|x64.ActiveCfg = Release|Any CPU
		{5ADBBC34-FE80-4C29-8FFB-FD8DF72B9D01}.Release|x64.Build.0 = Release|Any CPU
		{5ADBBC34-FE80-4C29-8FFB-FD8DF72B9D01}.Release|x86.ActiveCfg = Release|Any CPU
		{5ADBBC34-FE80-4C29-8FFB-FD8DF72B9D01}.Release|x86.Build.0 = Release|Any CPU
		{3560012B-012F-4B68-B787-052DAB6FA328}.Debug|Any CPU.ActiveCfg = Debug|Any CPU
		{3560012B-012F-4B68-B787-052DAB6FA328}.Debug|Any CPU.Build.0 = Debug|Any CPU
		{3560012B-012F-4B68-B787-052DAB6FA328}.Debug|ARM.ActiveCfg = Debug|Any CPU
		{3560012B-012F-4B68-B787-052DAB6FA328}.Debug|ARM.Build.0 = Debug|Any CPU
		{3560012B-012F-4B68-B787-052DAB6FA328}.Debug|x64.ActiveCfg = Debug|Any CPU
		{3560012B-012F-4B68-B787-052DAB6FA328}.Debug|x64.Build.0 = Debug|Any CPU
		{3560012B-012F-4B68-B787-052DAB6FA328}.Debug|x86.ActiveCfg = Debug|Any CPU
		{3560012B-012F-4B68-B787-052DAB6FA328}.Debug|x86.Build.0 = Debug|Any CPU
		{3560012B-012F-4B68-B787-052DAB6FA328}.Release|Any CPU.ActiveCfg = Release|Any CPU
		{3560012B-012F-4B68-B787-052DAB6FA328}.Release|Any CPU.Build.0 = Release|Any CPU
		{3560012B-012F-4B68-B787-052DAB6FA328}.Release|ARM.ActiveCfg = Release|Any CPU
		{3560012B-012F-4B68-B787-052DAB6FA328}.Release|ARM.Build.0 = Release|Any CPU
		{3560012B-012F-4B68-B787-052DAB6FA328}.Release|x64.ActiveCfg = Release|Any CPU
		{3560012B-012F-4B68-B787-052DAB6FA328}.Release|x64.Build.0 = Release|Any CPU
		{3560012B-012F-4B68-B787-052DAB6FA328}.Release|x86.ActiveCfg = Release|Any CPU
		{3560012B-012F-4B68-B787-052DAB6FA328}.Release|x86.Build.0 = Release|Any CPU
		{A5AFF469-9164-4567-A199-14FAC90049DC}.Debug|Any CPU.ActiveCfg = Debug|x86
		{A5AFF469-9164-4567-A199-14FAC90049DC}.Debug|ARM.ActiveCfg = Debug|ARM
		{A5AFF469-9164-4567-A199-14FAC90049DC}.Debug|ARM.Build.0 = Debug|ARM
		{A5AFF469-9164-4567-A199-14FAC90049DC}.Debug|ARM.Deploy.0 = Debug|ARM
		{A5AFF469-9164-4567-A199-14FAC90049DC}.Debug|x64.ActiveCfg = Debug|x64
		{A5AFF469-9164-4567-A199-14FAC90049DC}.Debug|x64.Build.0 = Debug|x64
		{A5AFF469-9164-4567-A199-14FAC90049DC}.Debug|x64.Deploy.0 = Debug|x64
		{A5AFF469-9164-4567-A199-14FAC90049DC}.Debug|x86.ActiveCfg = Debug|x86
		{A5AFF469-9164-4567-A199-14FAC90049DC}.Debug|x86.Build.0 = Debug|x86
		{A5AFF469-9164-4567-A199-14FAC90049DC}.Debug|x86.Deploy.0 = Debug|x86
		{A5AFF469-9164-4567-A199-14FAC90049DC}.Release|Any CPU.ActiveCfg = Release|x86
		{A5AFF469-9164-4567-A199-14FAC90049DC}.Release|ARM.ActiveCfg = Release|ARM
		{A5AFF469-9164-4567-A199-14FAC90049DC}.Release|ARM.Build.0 = Release|ARM
		{A5AFF469-9164-4567-A199-14FAC90049DC}.Release|ARM.Deploy.0 = Release|ARM
		{A5AFF469-9164-4567-A199-14FAC90049DC}.Release|x64.ActiveCfg = Release|x64
		{A5AFF469-9164-4567-A199-14FAC90049DC}.Release|x64.Build.0 = Release|x64
		{A5AFF469-9164-4567-A199-14FAC90049DC}.Release|x64.Deploy.0 = Release|x64
		{A5AFF469-9164-4567-A199-14FAC90049DC}.Release|x86.ActiveCfg = Release|x86
		{A5AFF469-9164-4567-A199-14FAC90049DC}.Release|x86.Build.0 = Release|x86
		{A5AFF469-9164-4567-A199-14FAC90049DC}.Release|x86.Deploy.0 = Release|x86
		{72B597D7-72C8-4F12-9EBC-319785C8AE38}.Debug|Any CPU.ActiveCfg = Debug|Any CPU
		{72B597D7-72C8-4F12-9EBC-319785C8AE38}.Debug|Any CPU.Build.0 = Debug|Any CPU
		{72B597D7-72C8-4F12-9EBC-319785C8AE38}.Debug|ARM.ActiveCfg = Debug|Any CPU
		{72B597D7-72C8-4F12-9EBC-319785C8AE38}.Debug|ARM.Build.0 = Debug|Any CPU
		{72B597D7-72C8-4F12-9EBC-319785C8AE38}.Debug|x64.ActiveCfg = Debug|Any CPU
		{72B597D7-72C8-4F12-9EBC-319785C8AE38}.Debug|x64.Build.0 = Debug|Any CPU
		{72B597D7-72C8-4F12-9EBC-319785C8AE38}.Debug|x86.ActiveCfg = Debug|Any CPU
		{72B597D7-72C8-4F12-9EBC-319785C8AE38}.Debug|x86.Build.0 = Debug|Any CPU
		{72B597D7-72C8-4F12-9EBC-319785C8AE38}.Release|Any CPU.ActiveCfg = Release|Any CPU
		{72B597D7-72C8-4F12-9EBC-319785C8AE38}.Release|Any CPU.Build.0 = Release|Any CPU
		{72B597D7-72C8-4F12-9EBC-319785C8AE38}.Release|ARM.ActiveCfg = Release|Any CPU
		{72B597D7-72C8-4F12-9EBC-319785C8AE38}.Release|ARM.Build.0 = Release|Any CPU
		{72B597D7-72C8-4F12-9EBC-319785C8AE38}.Release|x64.ActiveCfg = Release|Any CPU
		{72B597D7-72C8-4F12-9EBC-319785C8AE38}.Release|x64.Build.0 = Release|Any CPU
		{72B597D7-72C8-4F12-9EBC-319785C8AE38}.Release|x86.ActiveCfg = Release|Any CPU
		{72B597D7-72C8-4F12-9EBC-319785C8AE38}.Release|x86.Build.0 = Release|Any CPU
		{DD9458FF-6928-47B2-AD6C-1AC6A2517736}.Debug|Any CPU.ActiveCfg = Debug|Any CPU
		{DD9458FF-6928-47B2-AD6C-1AC6A2517736}.Debug|Any CPU.Build.0 = Debug|Any CPU
		{DD9458FF-6928-47B2-AD6C-1AC6A2517736}.Debug|ARM.ActiveCfg = Debug|Any CPU
		{DD9458FF-6928-47B2-AD6C-1AC6A2517736}.Debug|ARM.Build.0 = Debug|Any CPU
		{DD9458FF-6928-47B2-AD6C-1AC6A2517736}.Debug|x64.ActiveCfg = Debug|Any CPU
		{DD9458FF-6928-47B2-AD6C-1AC6A2517736}.Debug|x64.Build.0 = Debug|Any CPU
		{DD9458FF-6928-47B2-AD6C-1AC6A2517736}.Debug|x86.ActiveCfg = Debug|Any CPU
		{DD9458FF-6928-47B2-AD6C-1AC6A2517736}.Debug|x86.Build.0 = Debug|Any CPU
		{DD9458FF-6928-47B2-AD6C-1AC6A2517736}.Release|Any CPU.ActiveCfg = Release|Any CPU
		{DD9458FF-6928-47B2-AD6C-1AC6A2517736}.Release|Any CPU.Build.0 = Release|Any CPU
		{DD9458FF-6928-47B2-AD6C-1AC6A2517736}.Release|ARM.ActiveCfg = Release|Any CPU
		{DD9458FF-6928-47B2-AD6C-1AC6A2517736}.Release|ARM.Build.0 = Release|Any CPU
		{DD9458FF-6928-47B2-AD6C-1AC6A2517736}.Release|x64.ActiveCfg = Release|Any CPU
		{DD9458FF-6928-47B2-AD6C-1AC6A2517736}.Release|x64.Build.0 = Release|Any CPU
		{DD9458FF-6928-47B2-AD6C-1AC6A2517736}.Release|x86.ActiveCfg = Release|Any CPU
		{DD9458FF-6928-47B2-AD6C-1AC6A2517736}.Release|x86.Build.0 = Release|Any CPU
		{55967434-B296-4989-A47D-D6AE03F7C5F2}.Debug|Any CPU.ActiveCfg = Debug|Any CPU
		{55967434-B296-4989-A47D-D6AE03F7C5F2}.Debug|Any CPU.Build.0 = Debug|Any CPU
		{55967434-B296-4989-A47D-D6AE03F7C5F2}.Debug|ARM.ActiveCfg = Debug|Any CPU
		{55967434-B296-4989-A47D-D6AE03F7C5F2}.Debug|ARM.Build.0 = Debug|Any CPU
		{55967434-B296-4989-A47D-D6AE03F7C5F2}.Debug|x64.ActiveCfg = Debug|Any CPU
		{55967434-B296-4989-A47D-D6AE03F7C5F2}.Debug|x64.Build.0 = Debug|Any CPU
		{55967434-B296-4989-A47D-D6AE03F7C5F2}.Debug|x86.ActiveCfg = Debug|Any CPU
		{55967434-B296-4989-A47D-D6AE03F7C5F2}.Debug|x86.Build.0 = Debug|Any CPU
		{55967434-B296-4989-A47D-D6AE03F7C5F2}.Release|Any CPU.ActiveCfg = Release|Any CPU
		{55967434-B296-4989-A47D-D6AE03F7C5F2}.Release|Any CPU.Build.0 = Release|Any CPU
		{55967434-B296-4989-A47D-D6AE03F7C5F2}.Release|ARM.ActiveCfg = Release|Any CPU
		{55967434-B296-4989-A47D-D6AE03F7C5F2}.Release|ARM.Build.0 = Release|Any CPU
		{55967434-B296-4989-A47D-D6AE03F7C5F2}.Release|x64.ActiveCfg = Release|Any CPU
		{55967434-B296-4989-A47D-D6AE03F7C5F2}.Release|x64.Build.0 = Release|Any CPU
		{55967434-B296-4989-A47D-D6AE03F7C5F2}.Release|x86.ActiveCfg = Release|Any CPU
		{55967434-B296-4989-A47D-D6AE03F7C5F2}.Release|x86.Build.0 = Release|Any CPU
	EndGlobalSection
	GlobalSection(SolutionProperties) = preSolution
		HideSolutionNode = FALSE
	EndGlobalSection
	GlobalSection(NestedProjects) = preSolution
		{3560012B-012F-4B68-B787-052DAB6FA328} = {D9002AE6-7752-4230-ABCC-20DDE148BA5B}
		{A5AFF469-9164-4567-A199-14FAC90049DC} = {D9002AE6-7752-4230-ABCC-20DDE148BA5B}
	EndGlobalSection
	GlobalSection(ExtensibilityGlobals) = postSolution
		SolutionGuid = {2AE660CA-14A6-4162-9064-567B56389DBA}
	EndGlobalSection
EndGlobal
